
Microsoft Visual Studio Solution File, Format Version 12.00
# Visual Studio Version 16
VisualStudioVersion = 16.0.31605.320
MinimumVisualStudioVersion = 10.0.40219.1
Project("{9A19103F-16F7-4668-BE54-9A1E7A4F7556}") = "Decors.Application", "Decors.Application\Decors.Application.csproj", "{82D2B50D-81CA-42C9-91CB-8472BFF8EB33}"
EndProject
Project("{9A19103F-16F7-4668-BE54-9A1E7A4F7556}") = "Decors.Infrastructure", "Decors.Infrastructure\Decors.Infrastructure.csproj", "{31588AA7-A971-4BA4-BF49-1E3A4610BEE1}"
EndProject
Project("{9A19103F-16F7-4668-BE54-9A1E7A4F7556}") = "Decors.Domain", "Decors.Domain\Decors.Domain.csproj", "{0DC4FC65-EBE4-4490-A286-A5C47F991A12}"
EndProject
Project("{9A19103F-16F7-4668-BE54-9A1E7A4F7556}") = "Decors.API", "Decors.API\Decors.API.csproj", "{AA89EC7F-8D09-41A7-ABEC-F39F552B3E41}"
EndProject
Project("{9A19103F-16F7-4668-BE54-9A1E7A4F7556}") = "Decors.Mvc", "Decors.Web\Decors.Mvc.csproj", "{9EAC1C56-6BC2-4ECC-A5D7-3595D8C292A2}"
EndProject
Global
	GlobalSection(SolutionConfigurationPlatforms) = preSolution
		Debug|Any CPU = Debug|Any CPU
		Release|Any CPU = Release|Any CPU
	EndGlobalSection
	GlobalSection(ProjectConfigurationPlatforms) = postSolution
		{82D2B50D-81CA-42C9-91CB-8472BFF8EB33}.Debug|Any CPU.ActiveCfg = Debug|Any CPU
		{82D2B50D-81CA-42C9-91CB-8472BFF8EB33}.Debug|Any CPU.Build.0 = Debug|Any CPU
		{82D2B50D-81CA-42C9-91CB-8472BFF8EB33}.Release|Any CPU.ActiveCfg = Release|Any CPU
		{82D2B50D-81CA-42C9-91CB-8472BFF8EB33}.Release|Any CPU.Build.0 = Release|Any CPU
		{31588AA7-A971-4BA4-BF49-1E3A4610BEE1}.Debug|Any CPU.ActiveCfg = Debug|Any CPU
		{31588AA7-A971-4BA4-BF49-1E3A4610BEE1}.Debug|Any CPU.Build.0 = Debug|Any CPU
		{31588AA7-A971-4BA4-BF49-1E3A4610BEE1}.Release|Any CPU.ActiveCfg = Release|Any CPU
		{31588AA7-A971-4BA4-BF49-1E3A4610BEE1}.Release|Any CPU.Build.0 = Release|Any CPU
		{0DC4FC65-EBE4-4490-A286-A5C47F991A12}.Debug|Any CPU.ActiveCfg = Debug|Any CPU
		{0DC4FC65-EBE4-4490-A286-A5C47F991A12}.Debug|Any CPU.Build.0 = Debug|Any CPU
		{0DC4FC65-EBE4-4490-A286-A5C47F991A12}.Release|Any CPU.ActiveCfg = Release|Any CPU
		{0DC4FC65-EBE4-4490-A286-A5C47F991A12}.Release|Any CPU.Build.0 = Release|Any CPU
		{AA89EC7F-8D09-41A7-ABEC-F39F552B3E41}.Debug|Any CPU.ActiveCfg = Debug|Any CPU
		{AA89EC7F-8D09-41A7-ABEC-F39F552B3E41}.Debug|Any CPU.Build.0 = Debug|Any CPU
		{AA89EC7F-8D09-41A7-ABEC-F39F552B3E41}.Release|Any CPU.ActiveCfg = Release|Any CPU
		{AA89EC7F-8D09-41A7-ABEC-F39F552B3E41}.Release|Any CPU.Build.0 = Release|Any CPU
		{9EAC1C56-6BC2-4ECC-A5D7-3595D8C292A2}.Debug|Any CPU.ActiveCfg = Debug|Any CPU
		{9EAC1C56-6BC2-4ECC-A5D7-3595D8C292A2}.Debug|Any CPU.Build.0 = Debug|Any CPU
		{9EAC1C56-6BC2-4ECC-A5D7-3595D8C292A2}.Release|Any CPU.ActiveCfg = Release|Any CPU
		{9EAC1C56-6BC2-4ECC-A5D7-3595D8C292A2}.Release|Any CPU.Build.0 = Release|Any CPU
	EndGlobalSection
	GlobalSection(SolutionProperties) = preSolution
		HideSolutionNode = FALSE
	EndGlobalSection
	GlobalSection(ExtensibilityGlobals) = postSolution
		SolutionGuid = {E8514F07-C851-4D58-9E53-E4808ABDA908}
	EndGlobalSection
EndGlobal
